
Microsoft Visual Studio Solution File, Format Version 12.00
# Visual Studio 15
VisualStudioVersion = 15.0.28010.2050
MinimumVisualStudioVersion = 10.0.40219.1
Project("{FAE04EC0-301F-11D3-BF4B-00C04F79EFBC}") = "TaiLung", "TaiLung\TaiLung.csproj", "{D34A3085-5B49-4D47-8C26-E127BE513069}"
EndProject
Global
	GlobalSection(SolutionConfigurationPlatforms) = preSolution
		Debug|Any CPU = Debug|Any CPU
		Release|Any CPU = Release|Any CPU
	EndGlobalSection
	GlobalSection(ProjectConfigurationPlatforms) = postSolution
		{D34A3085-5B49-4D47-8C26-E127BE513069}.Debug|Any CPU.ActiveCfg = Debug|Any CPU
		{D34A3085-5B49-4D47-8C26-E127BE513069}.Debug|Any CPU.Build.0 = Debug|Any CPU
		{D34A3085-5B49-4D47-8C26-E127BE513069}.Release|Any CPU.ActiveCfg = Release|Any CPU
		{D34A3085-5B49-4D47-8C26-E127BE513069}.Release|Any CPU.Build.0 = Release|Any CPU
	EndGlobalSection
	GlobalSection(SolutionProperties) = preSolution
		HideSolutionNode = FALSE
	EndGlobalSection
	GlobalSection(ExtensibilityGlobals) = postSolution
		SolutionGuid = {D04BD2EB-3AE8-4945-AA35-0DE207FF2722}
	EndGlobalSection
EndGlobal
